
Microsoft Visual Studio Solution File, Format Version 12.00
# Visual Studio Version 17
VisualStudioVersion = 17.7.34031.279
MinimumVisualStudioVersion = 10.0.40219.1
Project("{FAE04EC0-301F-11D3-BF4B-00C04F79EFBC}") = "SystemCanteenUnklab", "SystemCanteenUnklab\SystemCanteenUnklab.csproj", "{75142899-30EB-4E45-9E50-C47E748A7531}"
EndProject
Global
	GlobalSection(SolutionConfigurationPlatforms) = preSolution
		Debug|Any CPU = Debug|Any CPU
		Release|Any CPU = Release|Any CPU
	EndGlobalSection
	GlobalSection(ProjectConfigurationPlatforms) = postSolution
		{75142899-30EB-4E45-9E50-C47E748A7531}.Debug|Any CPU.ActiveCfg = Debug|Any CPU
		{75142899-30EB-4E45-9E50-C47E748A7531}.Debug|Any CPU.Build.0 = Debug|Any CPU
		{75142899-30EB-4E45-9E50-C47E748A7531}.Release|Any CPU.ActiveCfg = Release|Any CPU
		{75142899-30EB-4E45-9E50-C47E748A7531}.Release|Any CPU.Build.0 = Release|Any CPU
	EndGlobalSection
	GlobalSection(SolutionProperties) = preSolution
		HideSolutionNode = FALSE
	EndGlobalSection
	GlobalSection(ExtensibilityGlobals) = postSolution
		SolutionGuid = {749B4ACA-0CFB-4DB9-8DBD-ADF9096BD8EC}
	EndGlobalSection
EndGlobal
